
Microsoft Visual Studio Solution File, Format Version 12.00
# Visual Studio Version 17
VisualStudioVersion = 17.9.34728.123
MinimumVisualStudioVersion = 10.0.40219.1
Project("{2150E333-8FDC-42A3-9474-1A3956D46DE8}") = "Services", "Services", "{BED908F0-223F-4AAC-9C91-F343CCC7ECB9}"
EndProject
Project("{2150E333-8FDC-42A3-9474-1A3956D46DE8}") = "Catalog", "Catalog", "{76D36117-EBED-49B4-8264-5B0A30622BC8}"
EndProject
Project("{9A19103F-16F7-4668-BE54-9A1E7A4F7556}") = "Catalog.API", "Services\Catalog\Catalog.API\Catalog.API.csproj", "{673522B6-FD34-42C7-AC3D-2B58F2411D32}"
EndProject
Project("{2150E333-8FDC-42A3-9474-1A3956D46DE8}") = "BuildingBlocks", "BuildingBlocks", "{21004A11-9D6A-4ABF-87AC-00D58298ACB8}"
EndProject
Project("{9A19103F-16F7-4668-BE54-9A1E7A4F7556}") = "BuildingBlocks", "BuildingBlocks\BuildingBlocks\BuildingBlocks.csproj", "{95B12876-DF8C-4AD2-B953-ADE05FB1835F}"
EndProject
Project("{E53339B2-1760-4266-BCC7-CA923CBCF16C}") = "docker-compose", "docker-compose.dcproj", "{997838D4-6435-4E8D-B6E7-CAE7D38D0B3B}"
EndProject
Global
	GlobalSection(SolutionConfigurationPlatforms) = preSolution
		Debug|Any CPU = Debug|Any CPU
		Release|Any CPU = Release|Any CPU
	EndGlobalSection
	GlobalSection(ProjectConfigurationPlatforms) = postSolution
		{673522B6-FD34-42C7-AC3D-2B58F2411D32}.Debug|Any CPU.ActiveCfg = Debug|Any CPU
		{673522B6-FD34-42C7-AC3D-2B58F2411D32}.Debug|Any CPU.Build.0 = Debug|Any CPU
		{673522B6-FD34-42C7-AC3D-2B58F2411D32}.Release|Any CPU.ActiveCfg = Release|Any CPU
		{673522B6-FD34-42C7-AC3D-2B58F2411D32}.Release|Any CPU.Build.0 = Release|Any CPU
		{95B12876-DF8C-4AD2-B953-ADE05FB1835F}.Debug|Any CPU.ActiveCfg = Debug|Any CPU
		{95B12876-DF8C-4AD2-B953-ADE05FB1835F}.Debug|Any CPU.Build.0 = Debug|Any CPU
		{95B12876-DF8C-4AD2-B953-ADE05FB1835F}.Release|Any CPU.ActiveCfg = Release|Any CPU
		{95B12876-DF8C-4AD2-B953-ADE05FB1835F}.Release|Any CPU.Build.0 = Release|Any CPU
		{997838D4-6435-4E8D-B6E7-CAE7D38D0B3B}.Debug|Any CPU.ActiveCfg = Debug|Any CPU
		{997838D4-6435-4E8D-B6E7-CAE7D38D0B3B}.Debug|Any CPU.Build.0 = Debug|Any CPU
		{997838D4-6435-4E8D-B6E7-CAE7D38D0B3B}.Release|Any CPU.ActiveCfg = Release|Any CPU
		{997838D4-6435-4E8D-B6E7-CAE7D38D0B3B}.Release|Any CPU.Build.0 = Release|Any CPU
	EndGlobalSection
	GlobalSection(SolutionProperties) = preSolution
		HideSolutionNode = FALSE
	EndGlobalSection
	GlobalSection(NestedProjects) = preSolution
		{76D36117-EBED-49B4-8264-5B0A30622BC8} = {BED908F0-223F-4AAC-9C91-F343CCC7ECB9}
		{673522B6-FD34-42C7-AC3D-2B58F2411D32} = {76D36117-EBED-49B4-8264-5B0A30622BC8}
		{95B12876-DF8C-4AD2-B953-ADE05FB1835F} = {21004A11-9D6A-4ABF-87AC-00D58298ACB8}
	EndGlobalSection
	GlobalSection(ExtensibilityGlobals) = postSolution
		SolutionGuid = {70ED5C7F-1ED0-4FDD-BBFE-A3EF79406C1E}
	EndGlobalSection
EndGlobal
