
Microsoft Visual Studio Solution File, Format Version 12.00
# Visual Studio Version 17
VisualStudioVersion = 17.9.34728.123
MinimumVisualStudioVersion = 10.0.40219.1
Project("{2150E333-8FDC-42A3-9474-1A3956D46DE8}") = "Services", "Services", "{BED908F0-223F-4AAC-9C91-F343CCC7ECB9}"
EndProject
Project("{2150E333-8FDC-42A3-9474-1A3956D46DE8}") = "Catalog", "Catalog", "{76D36117-EBED-49B4-8264-5B0A30622BC8}"
EndProject
Project("{9A19103F-16F7-4668-BE54-9A1E7A4F7556}") = "Catalog.API", "Services\Catalog\Catalog.API\Catalog.API.csproj", "{673522B6-FD34-42C7-AC3D-2B58F2411D32}"
EndProject
Project("{2150E333-8FDC-42A3-9474-1A3956D46DE8}") = "BuildingBlocks", "BuildingBlocks", "{21004A11-9D6A-4ABF-87AC-00D58298ACB8}"
EndProject
Project("{9A19103F-16F7-4668-BE54-9A1E7A4F7556}") = "BuildingBlocks", "BuildingBlocks\BuildingBlocks\BuildingBlocks.csproj", "{95B12876-DF8C-4AD2-B953-ADE05FB1835F}"
EndProject
Project("{E53339B2-1760-4266-BCC7-CA923CBCF16C}") = "docker-compose", "docker-compose.dcproj", "{997838D4-6435-4E8D-B6E7-CAE7D38D0B3B}"
EndProject
Project("{2150E333-8FDC-42A3-9474-1A3956D46DE8}") = "Basket", "Basket", "{031E9481-369D-4F58-820C-473A3B5E9179}"
EndProject
Project("{9A19103F-16F7-4668-BE54-9A1E7A4F7556}") = "Basket.API", "Services\Basket\Basket.API\Basket.API.csproj", "{99EA759B-B33C-421B-8093-4E57222438DB}"
EndProject
Project("{2150E333-8FDC-42A3-9474-1A3956D46DE8}") = "Discount", "Discount", "{A4EF9C69-CCDC-46AE-A7E1-1D91E4A25FEC}"
EndProject
Project("{9A19103F-16F7-4668-BE54-9A1E7A4F7556}") = "Discount.Grpc", "Services\Discount\Discount.Grpc\Discount.Grpc.csproj", "{2065C429-10FF-46D7-81AF-8EB106803DE1}"
EndProject
Project("{2150E333-8FDC-42A3-9474-1A3956D46DE8}") = "Ordering", "Ordering", "{08055A80-6423-4BE6-B4C9-98792849B566}"
EndProject
Project("{FAE04EC0-301F-11D3-BF4B-00C04F79EFBC}") = "Ordering.API", "Services\Ordering\Ordering.API\Ordering.API.csproj", "{58C9D092-6226-4E2A-A79B-A6E2E50F1330}"
EndProject
Project("{FAE04EC0-301F-11D3-BF4B-00C04F79EFBC}") = "Ordering.Domain", "Services\Ordering\Ordering.Domain\Ordering.Domain.csproj", "{957374A7-7FB7-4058-B47E-62F0A3BFF7D1}"
EndProject
Project("{FAE04EC0-301F-11D3-BF4B-00C04F79EFBC}") = "Ordering.Application", "Services\Ordering\Ordering.Application\Ordering.Application.csproj", "{C7A09556-8473-4491-A772-4B147B6B11B3}"
EndProject
Project("{FAE04EC0-301F-11D3-BF4B-00C04F79EFBC}") = "Ordering.Infrastructure", "Services\Ordering\Ordering.Infrastructure\Ordering.Infrastructure.csproj", "{85DA0550-BBB6-4D9C-8F10-7F817958347F}"
EndProject
Global
	GlobalSection(SolutionConfigurationPlatforms) = preSolution
		Debug|Any CPU = Debug|Any CPU
		Release|Any CPU = Release|Any CPU
	EndGlobalSection
	GlobalSection(ProjectConfigurationPlatforms) = postSolution
		{673522B6-FD34-42C7-AC3D-2B58F2411D32}.Debug|Any CPU.ActiveCfg = Debug|Any CPU
		{673522B6-FD34-42C7-AC3D-2B58F2411D32}.Debug|Any CPU.Build.0 = Debug|Any CPU
		{673522B6-FD34-42C7-AC3D-2B58F2411D32}.Release|Any CPU.ActiveCfg = Release|Any CPU
		{673522B6-FD34-42C7-AC3D-2B58F2411D32}.Release|Any CPU.Build.0 = Release|Any CPU
		{95B12876-DF8C-4AD2-B953-ADE05FB1835F}.Debug|Any CPU.ActiveCfg = Debug|Any CPU
		{95B12876-DF8C-4AD2-B953-ADE05FB1835F}.Debug|Any CPU.Build.0 = Debug|Any CPU
		{95B12876-DF8C-4AD2-B953-ADE05FB1835F}.Release|Any CPU.ActiveCfg = Release|Any CPU
		{95B12876-DF8C-4AD2-B953-ADE05FB1835F}.Release|Any CPU.Build.0 = Release|Any CPU
		{997838D4-6435-4E8D-B6E7-CAE7D38D0B3B}.Debug|Any CPU.ActiveCfg = Debug|Any CPU
		{997838D4-6435-4E8D-B6E7-CAE7D38D0B3B}.Debug|Any CPU.Build.0 = Debug|Any CPU
		{997838D4-6435-4E8D-B6E7-CAE7D38D0B3B}.Release|Any CPU.ActiveCfg = Release|Any CPU
		{997838D4-6435-4E8D-B6E7-CAE7D38D0B3B}.Release|Any CPU.Build.0 = Release|Any CPU
		{99EA759B-B33C-421B-8093-4E57222438DB}.Debug|Any CPU.ActiveCfg = Debug|Any CPU
		{99EA759B-B33C-421B-8093-4E57222438DB}.Debug|Any CPU.Build.0 = Debug|Any CPU
		{99EA759B-B33C-421B-8093-4E57222438DB}.Release|Any CPU.ActiveCfg = Release|Any CPU
		{99EA759B-B33C-421B-8093-4E57222438DB}.Release|Any CPU.Build.0 = Release|Any CPU
		{2065C429-10FF-46D7-81AF-8EB106803DE1}.Debug|Any CPU.ActiveCfg = Debug|Any CPU
		{2065C429-10FF-46D7-81AF-8EB106803DE1}.Debug|Any CPU.Build.0 = Debug|Any CPU
		{2065C429-10FF-46D7-81AF-8EB106803DE1}.Release|Any CPU.ActiveCfg = Release|Any CPU
		{2065C429-10FF-46D7-81AF-8EB106803DE1}.Release|Any CPU.Build.0 = Release|Any CPU
		{58C9D092-6226-4E2A-A79B-A6E2E50F1330}.Debug|Any CPU.ActiveCfg = Debug|Any CPU
		{58C9D092-6226-4E2A-A79B-A6E2E50F1330}.Debug|Any CPU.Build.0 = Debug|Any CPU
		{58C9D092-6226-4E2A-A79B-A6E2E50F1330}.Release|Any CPU.ActiveCfg = Release|Any CPU
		{58C9D092-6226-4E2A-A79B-A6E2E50F1330}.Release|Any CPU.Build.0 = Release|Any CPU
		{957374A7-7FB7-4058-B47E-62F0A3BFF7D1}.Debug|Any CPU.ActiveCfg = Debug|Any CPU
		{957374A7-7FB7-4058-B47E-62F0A3BFF7D1}.Debug|Any CPU.Build.0 = Debug|Any CPU
		{957374A7-7FB7-4058-B47E-62F0A3BFF7D1}.Release|Any CPU.ActiveCfg = Release|Any CPU
		{957374A7-7FB7-4058-B47E-62F0A3BFF7D1}.Release|Any CPU.Build.0 = Release|Any CPU
		{C7A09556-8473-4491-A772-4B147B6B11B3}.Debug|Any CPU.ActiveCfg = Debug|Any CPU
		{C7A09556-8473-4491-A772-4B147B6B11B3}.Debug|Any CPU.Build.0 = Debug|Any CPU
		{C7A09556-8473-4491-A772-4B147B6B11B3}.Release|Any CPU.ActiveCfg = Release|Any CPU
		{C7A09556-8473-4491-A772-4B147B6B11B3}.Release|Any CPU.Build.0 = Release|Any CPU
		{85DA0550-BBB6-4D9C-8F10-7F817958347F}.Debug|Any CPU.ActiveCfg = Debug|Any CPU
		{85DA0550-BBB6-4D9C-8F10-7F817958347F}.Debug|Any CPU.Build.0 = Debug|Any CPU
		{85DA0550-BBB6-4D9C-8F10-7F817958347F}.Release|Any CPU.ActiveCfg = Release|Any CPU
		{85DA0550-BBB6-4D9C-8F10-7F817958347F}.Release|Any CPU.Build.0 = Release|Any CPU
	EndGlobalSection
	GlobalSection(SolutionProperties) = preSolution
		HideSolutionNode = FALSE
	EndGlobalSection
	GlobalSection(NestedProjects) = preSolution
		{76D36117-EBED-49B4-8264-5B0A30622BC8} = {BED908F0-223F-4AAC-9C91-F343CCC7ECB9}
		{673522B6-FD34-42C7-AC3D-2B58F2411D32} = {76D36117-EBED-49B4-8264-5B0A30622BC8}
		{95B12876-DF8C-4AD2-B953-ADE05FB1835F} = {21004A11-9D6A-4ABF-87AC-00D58298ACB8}
		{031E9481-369D-4F58-820C-473A3B5E9179} = {BED908F0-223F-4AAC-9C91-F343CCC7ECB9}
		{99EA759B-B33C-421B-8093-4E57222438DB} = {031E9481-369D-4F58-820C-473A3B5E9179}
		{A4EF9C69-CCDC-46AE-A7E1-1D91E4A25FEC} = {BED908F0-223F-4AAC-9C91-F343CCC7ECB9}
		{2065C429-10FF-46D7-81AF-8EB106803DE1} = {A4EF9C69-CCDC-46AE-A7E1-1D91E4A25FEC}
		{08055A80-6423-4BE6-B4C9-98792849B566} = {BED908F0-223F-4AAC-9C91-F343CCC7ECB9}
		{58C9D092-6226-4E2A-A79B-A6E2E50F1330} = {08055A80-6423-4BE6-B4C9-98792849B566}
		{957374A7-7FB7-4058-B47E-62F0A3BFF7D1} = {08055A80-6423-4BE6-B4C9-98792849B566}
		{C7A09556-8473-4491-A772-4B147B6B11B3} = {08055A80-6423-4BE6-B4C9-98792849B566}
		{85DA0550-BBB6-4D9C-8F10-7F817958347F} = {08055A80-6423-4BE6-B4C9-98792849B566}
	EndGlobalSection
	GlobalSection(ExtensibilityGlobals) = postSolution
		SolutionGuid = {70ED5C7F-1ED0-4FDD-BBFE-A3EF79406C1E}
	EndGlobalSection
EndGlobal
